# THIS IS AN AUTOGENERATED FILE. DO NOT EDIT THIS FILE DIRECTLY.
# yarn lockfile v1


abbrev@1:
  version "1.1.1"
  resolved "https://registry.yarnpkg.com/abbrev/-/abbrev-1.1.1.tgz#f8f2c887ad10bf67f634f005b6987fed3179aac8"

commander@~2.14.1:
  version "2.14.1"
  resolved "https://registry.yarnpkg.com/commander/-/commander-2.14.1.tgz#2235123e37af8ca3c65df45b026dbd357b01b9aa"

nopt@~2.1.1:
  version "2.1.2"
  resolved "https://registry.yarnpkg.com/nopt/-/nopt-2.1.2.tgz#6cccd977b80132a07731d6e8ce58c2c8303cf9af"
  dependencies:
    abbrev "1"

source-map@~0.6.1:
  version "0.6.1"
  resolved "https://registry.yarnpkg.com/source-map/-/source-map-0.6.1.tgz#74722af32e9614e9c287a8d0bbde48b5e2f1a263"

uglify-js@^3.1.4:
  version "3.3.11"
  resolved "https://registry.yarnpkg.com/uglify-js/-/uglify-js-3.3.11.tgz#e9d058b20715138bb4e8e5cae2ea581686bdaae3"
  dependencies:
    commander "~2.14.1"
    source-map "~0.6.1"

ycssmin@~1.0.1:
  version "1.0.1"
  resolved "https://registry.yarnpkg.com/ycssmin/-/ycssmin-1.0.1.tgz#7cdde8db78cfab00d2901c3b2301e304faf4df16"

yuglify@*:
  version "2.0.0"
  resolved "https://registry.yarnpkg.com/yuglify/-/yuglify-2.0.0.tgz#9d4e5addce20f41edf22486e2311b61d6a3f8d21"
  dependencies:
    nopt "~2.1.1"
    uglify-js "^3.1.4"
    ycssmin "~1.0.1"
